
Microsoft Visual Studio Solution File, Format Version 12.00
# Visual Studio Version 17
VisualStudioVersion = 17.7.34031.279
MinimumVisualStudioVersion = 10.0.40219.1
Project("{FAE04EC0-301F-11D3-BF4B-00C04F79EFBC}") = "Ovningarna_3.3_3.4", "Ovningarna_3.3_3.4.csproj", "{B510F371-4A79-4E16-A5C0-F0C79FB290FC}"
EndProject
Global
	GlobalSection(SolutionConfigurationPlatforms) = preSolution
		Debug|Any CPU = Debug|Any CPU
		Release|Any CPU = Release|Any CPU
	EndGlobalSection
	GlobalSection(ProjectConfigurationPlatforms) = postSolution
		{B510F371-4A79-4E16-A5C0-F0C79FB290FC}.Debug|Any CPU.ActiveCfg = Debug|Any CPU
		{B510F371-4A79-4E16-A5C0-F0C79FB290FC}.Debug|Any CPU.Build.0 = Debug|Any CPU
		{B510F371-4A79-4E16-A5C0-F0C79FB290FC}.Release|Any CPU.ActiveCfg = Release|Any CPU
		{B510F371-4A79-4E16-A5C0-F0C79FB290FC}.Release|Any CPU.Build.0 = Release|Any CPU
	EndGlobalSection
	GlobalSection(SolutionProperties) = preSolution
		HideSolutionNode = FALSE
	EndGlobalSection
	GlobalSection(ExtensibilityGlobals) = postSolution
		SolutionGuid = {5CBAFCC8-195A-46B3-95B0-C561E628CB7D}
	EndGlobalSection
EndGlobal
